// !$*UTF8*$!
{
	archiveVersion = 1;
	classes = {
	};
	objectVersion = 55;
	objects = {

/* Begin PBXBuildFile section */
		3CE05FAB27029EEA00863698 /* _5_actor___App.swift in Sources */ = {isa = PBXBuildFile; fileRef = 3CE05FAA27029EEA00863698 /* _5_actor___App.swift */; };
		3CE05FAD27029EEA00863698 /* ContentView.swift in Sources */ = {isa = PBXBuildFile; fileRef = 3CE05FAC27029EEA00863698 /* ContentView.swift */; };
		3CE05FAF27029EEB00863698 /* Assets.xcassets in Resources */ = {isa = PBXBuildFile; fileRef = 3CE05FAE27029EEB00863698 /* Assets.xcassets */; };
		3CE05FB227029EEB00863698 /* Preview Assets.xcassets in Resources */ = {isa = PBXBuildFile; fileRef = 3CE05FB127029EEB00863698 /* Preview Assets.xcassets */; };
		3CE05FBC27029EEB00863698 /* _5_actor___Tests.swift in Sources */ = {isa = PBXBuildFile; fileRef = 3CE05FBB27029EEB00863698 /* _5_actor___Tests.swift */; };
		3CE05FC627029EEB00863698 /* _5_actor___UITests.swift in Sources */ = {isa = PBXBuildFile; fileRef = 3CE05FC527029EEB00863698 /* _5_actor___UITests.swift */; };
		3CE05FC827029EEB00863698 /* _5_actor___UITestsLaunchTests.swift in Sources */ = {isa = PBXBuildFile; fileRef = 3CE05FC727029EEB00863698 /* _5_actor___UITestsLaunchTests.swift */; };
/* End PBXBuildFile section */

/* Begin PBXContainerItemProxy section */
		3CE05FB827029EEB00863698 /* PBXContainerItemProxy */ = {
			isa = PBXContainerItemProxy;
			containerPortal = 3CE05F9F27029EEA00863698 /* Project object */;
			proxyType = 1;
			remoteGlobalIDString = 3CE05FA627029EEA00863698;
			remoteInfo = "05 actor 隔离";
		};
		3CE05FC227029EEB00863698 /* PBXContainerItemProxy */ = {
			isa = PBXContainerItemProxy;
			containerPortal = 3CE05F9F27029EEA00863698 /* Project object */;
			proxyType = 1;
			remoteGlobalIDString = 3CE05FA627029EEA00863698;
			remoteInfo = "05 actor 隔离";
		};
/* End PBXContainerItemProxy section */

/* Begin PBXFileReference section */
		3CE05FA727029EEA00863698 /* 05 actor 隔离.app */ = {isa = PBXFileReference; explicitFileType = wrapper.application; includeInIndex = 0; path = "05 actor 隔离.app"; sourceTree = BUILT_PRODUCTS_DIR; };
		3CE05FAA27029EEA00863698 /* _5_actor___App.swift */ = {isa = PBXFileReference; lastKnownFileType = sourcecode.swift; path = "_5_actor___App.swift"; sourceTree = "<group>"; };
		3CE05FAC27029EEA00863698 /* ContentView.swift */ = {isa = PBXFileReference; lastKnownFileType = sourcecode.swift; path = ContentView.swift; sourceTree = "<group>"; };
		3CE05FAE27029EEB00863698 /* Assets.xcassets */ = {isa = PBXFileReference; lastKnownFileType = folder.assetcatalog; path = Assets.xcassets; sourceTree = "<group>"; };
		3CE05FB127029EEB00863698 /* Preview Assets.xcassets */ = {isa = PBXFileReference; lastKnownFileType = folder.assetcatalog; path = "Preview Assets.xcassets"; sourceTree = "<group>"; };
		3CE05FB727029EEB00863698 /* 05 actor 隔离Tests.xctest */ = {isa = PBXFileReference; explicitFileType = wrapper.cfbundle; includeInIndex = 0; path = "05 actor 隔离Tests.xctest"; sourceTree = BUILT_PRODUCTS_DIR; };
		3CE05FBB27029EEB00863698 /* _5_actor___Tests.swift */ = {isa = PBXFileReference; lastKnownFileType = sourcecode.swift; path = "_5_actor___Tests.swift"; sourceTree = "<group>"; };
		3CE05FC127029EEB00863698 /* 05 actor 隔离UITests.xctest */ = {isa = PBXFileReference; explicitFileType = wrapper.cfbundle; includeInIndex = 0; path = "05 actor 隔离UITests.xctest"; sourceTree = BUILT_PRODUCTS_DIR; };
		3CE05FC527029EEB00863698 /* _5_actor___UITests.swift */ = {isa = PBXFileReference; lastKnownFileType = sourcecode.swift; path = "_5_actor___UITests.swift"; sourceTree = "<group>"; };
		3CE05FC727029EEB00863698 /* _5_actor___UITestsLaunchTests.swift */ = {isa = PBXFileReference; lastKnownFileType = sourcecode.swift; path = "_5_actor___UITestsLaunchTests.swift"; sourceTree = "<group>"; };
/* End PBXFileReference section */

/* Begin PBXFrameworksBuildPhase section */
		3CE05FA427029EEA00863698 /* Frameworks */ = {
			isa = PBXFrameworksBuildPhase;
			buildActionMask = 2147483647;
			files = (
			);
			runOnlyForDeploymentPostprocessing = 0;
		};
		3CE05FB427029EEB00863698 /* Frameworks */ = {
			isa = PBXFrameworksBuildPhase;
			buildActionMask = 2147483647;
			files = (
			);
			runOnlyForDeploymentPostprocessing = 0;
		};
		3CE05FBE27029EEB00863698 /* Frameworks */ = {
			isa = PBXFrameworksBuildPhase;
			buildActionMask = 2147483647;
			files = (
			);
			runOnlyForDeploymentPostprocessing = 0;
		};
/* End PBXFrameworksBuildPhase section */

/* Begin PBXGroup section */
		3CE05F9E27029EEA00863698 = {
			isa = PBXGroup;
			children = (
				3CE05FA927029EEA00863698 /* 05 actor 隔离 */,
				3CE05FBA27029EEB00863698 /* 05 actor 隔离Tests */,
				3CE05FC427029EEB00863698 /* 05 actor 隔离UITests */,
				3CE05FA827029EEA00863698 /* Products */,
			);
			sourceTree = "<group>";
		};
		3CE05FA827029EEA00863698 /* Products */ = {
			isa = PBXGroup;
			children = (
				3CE05FA727029EEA00863698 /* 05 actor 隔离.app */,
				3CE05FB727029EEB00863698 /* 05 actor 隔离Tests.xctest */,
				3CE05FC127029EEB00863698 /* 05 actor 隔离UITests.xctest */,
			);
			name = Products;
			sourceTree = "<group>";
		};
		3CE05FA927029EEA00863698 /* 05 actor 隔离 */ = {
			isa = PBXGroup;
			children = (
				3CE05FAA27029EEA00863698 /* _5_actor___App.swift */,
				3CE05FAC27029EEA00863698 /* ContentView.swift */,
				3CE05FAE27029EEB00863698 /* Assets.xcassets */,
				3CE05FB027029EEB00863698 /* Preview Content */,
			);
			path = "05 actor 隔离";
			sourceTree = "<group>";
		};
		3CE05FB027029EEB00863698 /* Preview Content */ = {
			isa = PBXGroup;
			children = (
				3CE05FB127029EEB00863698 /* Preview Assets.xcassets */,
			);
			path = "Preview Content";
			sourceTree = "<group>";
		};
		3CE05FBA27029EEB00863698 /* 05 actor 隔离Tests */ = {
			isa = PBXGroup;
			children = (
				3CE05FBB27029EEB00863698 /* _5_actor___Tests.swift */,
			);
			path = "05 actor 隔离Tests";
			sourceTree = "<group>";
		};
		3CE05FC427029EEB00863698 /* 05 actor 隔离UITests */ = {
			isa = PBXGroup;
			children = (
				3CE05FC527029EEB00863698 /* _5_actor___UITests.swift */,
				3CE05FC727029EEB00863698 /* _5_actor___UITestsLaunchTests.swift */,
			);
			path = "05 actor 隔离UITests";
			sourceTree = "<group>";
		};
/* End PBXGroup section */

/* Begin PBXNativeTarget section */
		3CE05FA627029EEA00863698 /* 05 actor 隔离 */ = {
			isa = PBXNativeTarget;
			buildConfigurationList = 3CE05FCB27029EEB00863698 /* Build configuration list for PBXNativeTarget "05 actor 隔离" */;
			buildPhases = (
				3CE05FA327029EEA00863698 /* Sources */,
				3CE05FA427029EEA00863698 /* Frameworks */,
				3CE05FA527029EEA00863698 /* Resources */,
			);
			buildRules = (
			);
			dependencies = (
			);
			name = "05 actor 隔离";
			productName = "05 actor 隔离";
			productReference = 3CE05FA727029EEA00863698 /* 05 actor 隔离.app */;
			productType = "com.apple.product-type.application";
		};
		3CE05FB627029EEB00863698 /* 05 actor 隔离Tests */ = {
			isa = PBXNativeTarget;
			buildConfigurationList = 3CE05FCE27029EEB00863698 /* Build configuration list for PBXNativeTarget "05 actor 隔离Tests" */;
			buildPhases = (
				3CE05FB327029EEB00863698 /* Sources */,
				3CE05FB427029EEB00863698 /* Frameworks */,
				3CE05FB527029EEB00863698 /* Resources */,
			);
			buildRules = (
			);
			dependencies = (
				3CE05FB927029EEB00863698 /* PBXTargetDependency */,
			);
			name = "05 actor 隔离Tests";
			productName = "05 actor 隔离Tests";
			productReference = 3CE05FB727029EEB00863698 /* 05 actor 隔离Tests.xctest */;
			productType = "com.apple.product-type.bundle.unit-test";
		};
		3CE05FC027029EEB00863698 /* 05 actor 隔离UITests */ = {
			isa = PBXNativeTarget;
			buildConfigurationList = 3CE05FD127029EEB00863698 /* Build configuration list for PBXNativeTarget "05 actor 隔离UITests" */;
			buildPhases = (
				3CE05FBD27029EEB00863698 /* Sources */,
				3CE05FBE27029EEB00863698 /* Frameworks */,
				3CE05FBF27029EEB00863698 /* Resources */,
			);
			buildRules = (
			);
			dependencies = (
				3CE05FC327029EEB00863698 /* PBXTargetDependency */,
			);
			name = "05 actor 隔离UITests";
			productName = "05 actor 隔离UITests";
			productReference = 3CE05FC127029EEB00863698 /* 05 actor 隔离UITests.xctest */;
			productType = "com.apple.product-type.bundle.ui-testing";
		};
/* End PBXNativeTarget section */

/* Begin PBXProject section */
		3CE05F9F27029EEA00863698 /* Project object */ = {
			isa = PBXProject;
			attributes = {
				BuildIndependentTargetsInParallel = 1;
				LastSwiftUpdateCheck = 1300;
				LastUpgradeCheck = 1300;
				TargetAttributes = {
					3CE05FA627029EEA00863698 = {
						CreatedOnToolsVersion = 13.0;
					};
					3CE05FB627029EEB00863698 = {
						CreatedOnToolsVersion = 13.0;
						TestTargetID = 3CE05FA627029EEA00863698;
					};
					3CE05FC027029EEB00863698 = {
						CreatedOnToolsVersion = 13.0;
						TestTargetID = 3CE05FA627029EEA00863698;
					};
				};
			};
			buildConfigurationList = 3CE05FA227029EEA00863698 /* Build configuration list for PBXProject "05 actor 隔离" */;
			compatibilityVersion = "Xcode 13.0";
			developmentRegion = en;
			hasScannedForEncodings = 0;
			knownRegions = (
				en,
				Base,
			);
			mainGroup = 3CE05F9E27029EEA00863698;
			productRefGroup = 3CE05FA827029EEA00863698 /* Products */;
			projectDirPath = "";
			projectRoot = "";
			targets = (
				3CE05FA627029EEA00863698 /* 05 actor 隔离 */,
				3CE05FB627029EEB00863698 /* 05 actor 隔离Tests */,
				3CE05FC027029EEB00863698 /* 05 actor 隔离UITests */,
			);
		};
/* End PBXProject section */

/* Begin PBXResourcesBuildPhase section */
		3CE05FA527029EEA00863698 /* Resources */ = {
			isa = PBXResourcesBuildPhase;
			buildActionMask = 2147483647;
			files = (
				3CE05FB227029EEB00863698 /* Preview Assets.xcassets in Resources */,
				3CE05FAF27029EEB00863698 /* Assets.xcassets in Resources */,
			);
			runOnlyForDeploymentPostprocessing = 0;
		};
		3CE05FB527029EEB00863698 /* Resources */ = {
			isa = PBXResourcesBuildPhase;
			buildActionMask = 2147483647;
			files = (
			);
			runOnlyForDeploymentPostprocessing = 0;
		};
		3CE05FBF27029EEB00863698 /* Resources */ = {
			isa = PBXResourcesBuildPhase;
			buildActionMask = 2147483647;
			files = (
			);
			runOnlyForDeploymentPostprocessing = 0;
		};
/* End PBXResourcesBuildPhase section */

/* Begin PBXSourcesBuildPhase section */
		3CE05FA327029EEA00863698 /* Sources */ = {
			isa = PBXSourcesBuildPhase;
			buildActionMask = 2147483647;
			files = (
				3CE05FAD27029EEA00863698 /* ContentView.swift in Sources */,
				3CE05FAB27029EEA00863698 /* _5_actor___App.swift in Sources */,
			);
			runOnlyForDeploymentPostprocessing = 0;
		};
		3CE05FB327029EEB00863698 /* Sources */ = {
			isa = PBXSourcesBuildPhase;
			buildActionMask = 2147483647;
			files = (
				3CE05FBC27029EEB00863698 /* _5_actor___Tests.swift in Sources */,
			);
			runOnlyForDeploymentPostprocessing = 0;
		};
		3CE05FBD27029EEB00863698 /* Sources */ = {
			isa = PBXSourcesBuildPhase;
			buildActionMask = 2147483647;
			files = (
				3CE05FC827029EEB00863698 /* _5_actor___UITestsLaunchTests.swift in Sources */,
				3CE05FC627029EEB00863698 /* _5_actor___UITests.swift in Sources */,
			);
			runOnlyForDeploymentPostprocessing = 0;
		};
/* End PBXSourcesBuildPhase section */

/* Begin PBXTargetDependency section */
		3CE05FB927029EEB00863698 /* PBXTargetDependency */ = {
			isa = PBXTargetDependency;
			target = 3CE05FA627029EEA00863698 /* 05 actor 隔离 */;
			targetProxy = 3CE05FB827029EEB00863698 /* PBXContainerItemProxy */;
		};
		3CE05FC327029EEB00863698 /* PBXTargetDependency */ = {
			isa = PBXTargetDependency;
			target = 3CE05FA627029EEA00863698 /* 05 actor 隔离 */;
			targetProxy = 3CE05FC227029EEB00863698 /* PBXContainerItemProxy */;
		};
/* End PBXTargetDependency section */

/* Begin XCBuildConfiguration section */
		3CE05FC927029EEB00863698 /* Debug */ = {
			isa = XCBuildConfiguration;
			buildSettings = {
				ALWAYS_SEARCH_USER_PATHS = NO;
				CLANG_ANALYZER_NONNULL = YES;
				CLANG_ANALYZER_NUMBER_OBJECT_CONVERSION = YES_AGGRESSIVE;
				CLANG_CXX_LANGUAGE_STANDARD = "gnu++17";
				CLANG_CXX_LIBRARY = "libc++";
				CLANG_ENABLE_MODULES = YES;
				CLANG_ENABLE_OBJC_ARC = YES;
				CLANG_ENABLE_OBJC_WEAK = YES;
				CLANG_WARN_BLOCK_CAPTURE_AUTORELEASING = YES;
				CLANG_WARN_BOOL_CONVERSION = YES;
				CLANG_WARN_COMMA = YES;
				CLANG_WARN_CONSTANT_CONVERSION = YES;
				CLANG_WARN_DEPRECATED_OBJC_IMPLEMENTATIONS = YES;
				CLANG_WARN_DIRECT_OBJC_ISA_USAGE = YES_ERROR;
				CLANG_WARN_DOCUMENTATION_COMMENTS = YES;
				CLANG_WARN_EMPTY_BODY = YES;
				CLANG_WARN_ENUM_CONVERSION = YES;
				CLANG_WARN_INFINITE_RECURSION = YES;
				CLANG_WARN_INT_CONVERSION = YES;
				CLANG_WARN_NON_LITERAL_NULL_CONVERSION = YES;
				CLANG_WARN_OBJC_IMPLICIT_RETAIN_SELF = YES;
				CLANG_WARN_OBJC_LITERAL_CONVERSION = YES;
				CLANG_WARN_OBJC_ROOT_CLASS = YES_ERROR;
				CLANG_WARN_QUOTED_INCLUDE_IN_FRAMEWORK_HEADER = YES;
				CLANG_WARN_RANGE_LOOP_ANALYSIS = YES;
				CLANG_WARN_STRICT_PROTOTYPES = YES;
				CLANG_WARN_SUSPICIOUS_MOVE = YES;
				CLANG_WARN_UNGUARDED_AVAILABILITY = YES_AGGRESSIVE;
				CLANG_WARN_UNREACHABLE_CODE = YES;
				CLANG_WARN__DUPLICATE_METHOD_MATCH = YES;
				COPY_PHASE_STRIP = NO;
				DEBUG_INFORMATION_FORMAT = dwarf;
				ENABLE_STRICT_OBJC_MSGSEND = YES;
				ENABLE_TESTABILITY = YES;
				GCC_C_LANGUAGE_STANDARD = gnu11;
				GCC_DYNAMIC_NO_PIC = NO;
				GCC_NO_COMMON_BLOCKS = YES;
				GCC_OPTIMIZATION_LEVEL = 0;
				GCC_PREPROCESSOR_DEFINITIONS = (
					"DEBUG=1",
					"$(inherited)",
				);
				GCC_WARN_64_TO_32_BIT_CONVERSION = YES;
				GCC_WARN_ABOUT_RETURN_TYPE = YES_ERROR;
				GCC_WARN_UNDECLARED_SELECTOR = YES;
				GCC_WARN_UNINITIALIZED_AUTOS = YES_AGGRESSIVE;
				GCC_WARN_UNUSED_FUNCTION = YES;
				GCC_WARN_UNUSED_VARIABLE = YES;
				IPHONEOS_DEPLOYMENT_TARGET = 15.0;
				MTL_ENABLE_DEBUG_INFO = INCLUDE_SOURCE;
				MTL_FAST_MATH = YES;
				ONLY_ACTIVE_ARCH = YES;
				SDKROOT = iphoneos;
				SWIFT_ACTIVE_COMPILATION_CONDITIONS = DEBUG;
				SWIFT_OPTIMIZATION_LEVEL = "-Onone";
			};
			name = Debug;
		};
		3CE05FCA27029EEB00863698 /* Release */ = {
			isa = XCBuildConfiguration;
			buildSettings = {
				ALWAYS_SEARCH_USER_PATHS = NO;
				CLANG_ANALYZER_NONNULL = YES;
				CLANG_ANALYZER_NUMBER_OBJECT_CONVERSION = YES_AGGRESSIVE;
				CLANG_CXX_LANGUAGE_STANDARD = "gnu++17";
				CLANG_CXX_LIBRARY = "libc++";
				CLANG_ENABLE_MODULES = YES;
				CLANG_ENABLE_OBJC_ARC = YES;
				CLANG_ENABLE_OBJC_WEAK = YES;
				CLANG_WARN_BLOCK_CAPTURE_AUTORELEASING = YES;
				CLANG_WARN_BOOL_CONVERSION = YES;
				CLANG_WARN_COMMA = YES;
				CLANG_WARN_CONSTANT_CONVERSION = YES;
				CLANG_WARN_DEPRECATED_OBJC_IMPLEMENTATIONS = YES;
				CLANG_WARN_DIRECT_OBJC_ISA_USAGE = YES_ERROR;
				CLANG_WARN_DOCUMENTATION_COMMENTS = YES;
				CLANG_WARN_EMPTY_BODY = YES;
				CLANG_WARN_ENUM_CONVERSION = YES;
				CLANG_WARN_INFINITE_RECURSION = YES;
				CLANG_WARN_INT_CONVERSION = YES;
				CLANG_WARN_NON_LITERAL_NULL_CONVERSION = YES;
				CLANG_WARN_OBJC_IMPLICIT_RETAIN_SELF = YES;
				CLANG_WARN_OBJC_LITERAL_CONVERSION = YES;
				CLANG_WARN_OBJC_ROOT_CLASS = YES_ERROR;
				CLANG_WARN_QUOTED_INCLUDE_IN_FRAMEWORK_HEADER = YES;
				CLANG_WARN_RANGE_LOOP_ANALYSIS = YES;
				CLANG_WARN_STRICT_PROTOTYPES = YES;
				CLANG_WARN_SUSPICIOUS_MOVE = YES;
				CLANG_WARN_UNGUARDED_AVAILABILITY = YES_AGGRESSIVE;
				CLANG_WARN_UNREACHABLE_CODE = YES;
				CLANG_WARN__DUPLICATE_METHOD_MATCH = YES;
				COPY_PHASE_STRIP = NO;
				DEBUG_INFORMATION_FORMAT = "dwarf-with-dsym";
				ENABLE_NS_ASSERTIONS = NO;
				ENABLE_STRICT_OBJC_MSGSEND = YES;
				GCC_C_LANGUAGE_STANDARD = gnu11;
				GCC_NO_COMMON_BLOCKS = YES;
				GCC_WARN_64_TO_32_BIT_CONVERSION = YES;
				GCC_WARN_ABOUT_RETURN_TYPE = YES_ERROR;
				GCC_WARN_UNDECLARED_SELECTOR = YES;
				GCC_WARN_UNINITIALIZED_AUTOS = YES_AGGRESSIVE;
				GCC_WARN_UNUSED_FUNCTION = YES;
				GCC_WARN_UNUSED_VARIABLE = YES;
				IPHONEOS_DEPLOYMENT_TARGET = 15.0;
				MTL_ENABLE_DEBUG_INFO = NO;
				MTL_FAST_MATH = YES;
				SDKROOT = iphoneos;
				SWIFT_COMPILATION_MODE = wholemodule;
				SWIFT_OPTIMIZATION_LEVEL = "-O";
				VALIDATE_PRODUCT = YES;
			};
			name = Release;
		};
		3CE05FCC27029EEB00863698 /* Debug */ = {
			isa = XCBuildConfiguration;
			buildSettings = {
				ASSETCATALOG_COMPILER_APPICON_NAME = AppIcon;
				ASSETCATALOG_COMPILER_GLOBAL_ACCENT_COLOR_NAME = AccentColor;
				CODE_SIGN_STYLE = Automatic;
				CURRENT_PROJECT_VERSION = 1;
				DEVELOPMENT_ASSET_PATHS = "\"05 actor 隔离/Preview Content\"";
				DEVELOPMENT_TEAM = QF8H8R2NAV;
				ENABLE_PREVIEWS = YES;
				GENERATE_INFOPLIST_FILE = YES;
				INFOPLIST_KEY_UIApplicationSceneManifest_Generation = YES;
				INFOPLIST_KEY_UIApplicationSupportsIndirectInputEvents = YES;
				INFOPLIST_KEY_UILaunchScreen_Generation = YES;
				INFOPLIST_KEY_UISupportedInterfaceOrientations_iPad = "UIInterfaceOrientationPortrait UIInterfaceOrientationPortraitUpsideDown UIInterfaceOrientationLandscapeLeft UIInterfaceOrientationLandscapeRight";
				INFOPLIST_KEY_UISupportedInterfaceOrientations_iPhone = "UIInterfaceOrientationPortrait UIInterfaceOrientationLandscapeLeft UIInterfaceOrientationLandscapeRight";
				IPHONEOS_DEPLOYMENT_TARGET = 15.0;
				LD_RUNPATH_SEARCH_PATHS = (
					"$(inherited)",
					"@executable_path/Frameworks",
				);
				MARKETING_VERSION = 1.0;
				PRODUCT_BUNDLE_IDENTIFIER = "com.developer.yf.-5-actor---";
				PRODUCT_NAME = "$(TARGET_NAME)";
				SWIFT_EMIT_LOC_STRINGS = YES;
				SWIFT_VERSION = 5.0;
				TARGETED_DEVICE_FAMILY = "1,2";
			};
			name = Debug;
		};
		3CE05FCD27029EEB00863698 /* Release */ = {
			isa = XCBuildConfiguration;
			buildSettings = {
				ASSETCATALOG_COMPILER_APPICON_NAME = AppIcon;
				ASSETCATALOG_COMPILER_GLOBAL_ACCENT_COLOR_NAME = AccentColor;
				CODE_SIGN_STYLE = Automatic;
				CURRENT_PROJECT_VERSION = 1;
				DEVELOPMENT_ASSET_PATHS = "\"05 actor 隔离/Preview Content\"";
				DEVELOPMENT_TEAM = QF8H8R2NAV;
				ENABLE_PREVIEWS = YES;
				GENERATE_INFOPLIST_FILE = YES;
				INFOPLIST_KEY_UIApplicationSceneManifest_Generation = YES;
				INFOPLIST_KEY_UIApplicationSupportsIndirectInputEvents = YES;
				INFOPLIST_KEY_UILaunchScreen_Generation = YES;
				INFOPLIST_KEY_UISupportedInterfaceOrientations_iPad = "UIInterfaceOrientationPortrait UIInterfaceOrientationPortraitUpsideDown UIInterfaceOrientationLandscapeLeft UIInterfaceOrientationLandscapeRight";
				INFOPLIST_KEY_UISupportedInterfaceOrientations_iPhone = "UIInterfaceOrientationPortrait UIInterfaceOrientationLandscapeLeft UIInterfaceOrientationLandscapeRight";
				IPHONEOS_DEPLOYMENT_TARGET = 15.0;
				LD_RUNPATH_SEARCH_PATHS = (
					"$(inherited)",
					"@executable_path/Frameworks",
				);
				MARKETING_VERSION = 1.0;
				PRODUCT_BUNDLE_IDENTIFIER = "com.developer.yf.-5-actor---";
				PRODUCT_NAME = "$(TARGET_NAME)";
				SWIFT_EMIT_LOC_STRINGS = YES;
				SWIFT_VERSION = 5.0;
				TARGETED_DEVICE_FAMILY = "1,2";
			};
			name = Release;
		};
		3CE05FCF27029EEB00863698 /* Debug */ = {
			isa = XCBuildConfiguration;
			buildSettings = {
				ALWAYS_EMBED_SWIFT_STANDARD_LIBRARIES = YES;
				BUNDLE_LOADER = "$(TEST_HOST)";
				CODE_SIGN_STYLE = Automatic;
				CURRENT_PROJECT_VERSION = 1;
				DEVELOPMENT_TEAM = QF8H8R2NAV;
				GENERATE_INFOPLIST_FILE = YES;
				IPHONEOS_DEPLOYMENT_TARGET = 14.0;
				LD_RUNPATH_SEARCH_PATHS = (
					"$(inherited)",
					"@executable_path/Frameworks",
					"@loader_path/Frameworks",
				);
				MARKETING_VERSION = 1.0;
				PRODUCT_BUNDLE_IDENTIFIER = "com.developer.yf.-5-actor---Tests";
				PRODUCT_NAME = "$(TARGET_NAME)";
				SWIFT_EMIT_LOC_STRINGS = NO;
				SWIFT_VERSION = 5.0;
				TARGETED_DEVICE_FAMILY = "1,2";
				TEST_HOST = "$(BUILT_PRODUCTS_DIR)/05 actor 隔离.app/05 actor 隔离";
			};
			name = Debug;
		};
		3CE05FD027029EEB00863698 /* Release */ = {
			isa = XCBuildConfiguration;
			buildSettings = {
				ALWAYS_EMBED_SWIFT_STANDARD_LIBRARIES = YES;
				BUNDLE_LOADER = "$(TEST_HOST)";
				CODE_SIGN_STYLE = Automatic;
				CURRENT_PROJECT_VERSION = 1;
				DEVELOPMENT_TEAM = QF8H8R2NAV;
				GENERATE_INFOPLIST_FILE = YES;
				IPHONEOS_DEPLOYMENT_TARGET = 14.0;
				LD_RUNPATH_SEARCH_PATHS = (
					"$(inherited)",
					"@executable_path/Frameworks",
					"@loader_path/Frameworks",
				);
				MARKETING_VERSION = 1.0;
				PRODUCT_BUNDLE_IDENTIFIER = "com.developer.yf.-5-actor---Tests";
				PRODUCT_NAME = "$(TARGET_NAME)";
				SWIFT_EMIT_LOC_STRINGS = NO;
				SWIFT_VERSION = 5.0;
				TARGETED_DEVICE_FAMILY = "1,2";
				TEST_HOST = "$(BUILT_PRODUCTS_DIR)/05 actor 隔离.app/05 actor 隔离";
			};
			name = Release;
		};
		3CE05FD227029EEB00863698 /* Debug */ = {
			isa = XCBuildConfiguration;
			buildSettings = {
				ALWAYS_EMBED_SWIFT_STANDARD_LIBRARIES = YES;
				CODE_SIGN_STYLE = Automatic;
				CURRENT_PROJECT_VERSION = 1;
				DEVELOPMENT_TEAM = QF8H8R2NAV;
				GENERATE_INFOPLIST_FILE = YES;
				LD_RUNPATH_SEARCH_PATHS = (
					"$(inherited)",
					"@executable_path/Frameworks",
					"@loader_path/Frameworks",
				);
				MARKETING_VERSION = 1.0;
				PRODUCT_BUNDLE_IDENTIFIER = "com.developer.yf.-5-actor---UITests";
				PRODUCT_NAME = "$(TARGET_NAME)";
				SWIFT_EMIT_LOC_STRINGS = NO;
				SWIFT_VERSION = 5.0;
				TARGETED_DEVICE_FAMILY = "1,2";
				TEST_TARGET_NAME = "05 actor 隔离";
			};
			name = Debug;
		};
		3CE05FD327029EEB00863698 /* Release */ = {
			isa = XCBuildConfiguration;
			buildSettings = {
				ALWAYS_EMBED_SWIFT_STANDARD_LIBRARIES = YES;
				CODE_SIGN_STYLE = Automatic;
				CURRENT_PROJECT_VERSION = 1;
				DEVELOPMENT_TEAM = QF8H8R2NAV;
				GENERATE_INFOPLIST_FILE = YES;
				LD_RUNPATH_SEARCH_PATHS = (
					"$(inherited)",
					"@executable_path/Frameworks",
					"@loader_path/Frameworks",
				);
				MARKETING_VERSION = 1.0;
				PRODUCT_BUNDLE_IDENTIFIER = "com.developer.yf.-5-actor---UITests";
				PRODUCT_NAME = "$(TARGET_NAME)";
				SWIFT_EMIT_LOC_STRINGS = NO;
				SWIFT_VERSION = 5.0;
				TARGETED_DEVICE_FAMILY = "1,2";
				TEST_TARGET_NAME = "05 actor 隔离";
			};
			name = Release;
		};
/* End XCBuildConfiguration section */

/* Begin XCConfigurationList section */
		3CE05FA227029EEA00863698 /* Build configuration list for PBXProject "05 actor 隔离" */ = {
			isa = XCConfigurationList;
			buildConfigurations = (
				3CE05FC927029EEB00863698 /* Debug */,
				3CE05FCA27029EEB00863698 /* Release */,
			);
			defaultConfigurationIsVisible = 0;
			defaultConfigurationName = Release;
		};
		3CE05FCB27029EEB00863698 /* Build configuration list for PBXNativeTarget "05 actor 隔离" */ = {
			isa = XCConfigurationList;
			buildConfigurations = (
				3CE05FCC27029EEB00863698 /* Debug */,
				3CE05FCD27029EEB00863698 /* Release */,
			);
			defaultConfigurationIsVisible = 0;
			defaultConfigurationName = Release;
		};
		3CE05FCE27029EEB00863698 /* Build configuration list for PBXNativeTarget "05 actor 隔离Tests" */ = {
			isa = XCConfigurationList;
			buildConfigurations = (
				3CE05FCF27029EEB00863698 /* Debug */,
				3CE05FD027029EEB00863698 /* Release */,
			);
			defaultConfigurationIsVisible = 0;
			defaultConfigurationName = Release;
		};
		3CE05FD127029EEB00863698 /* Build configuration list for PBXNativeTarget "05 actor 隔离UITests" */ = {
			isa = XCConfigurationList;
			buildConfigurations = (
				3CE05FD227029EEB00863698 /* Debug */,
				3CE05FD327029EEB00863698 /* Release */,
			);
			defaultConfigurationIsVisible = 0;
			defaultConfigurationName = Release;
		};
/* End XCConfigurationList section */
	};
	rootObject = 3CE05F9F27029EEA00863698 /* Project object */;
}
