// !$*UTF8*$!
{
	archiveVersion = 1;
	classes = {
	};
	objectVersion = 55;
	objects = {

/* Begin PBXBuildFile section */
		3CE0604D2702BB3400863698 /* _6_ContinuationsApp.swift in Sources */ = {isa = PBXBuildFile; fileRef = 3CE0604C2702BB3400863698 /* _6_ContinuationsApp.swift */; };
		3CE0604F2702BB3400863698 /* ContentView.swift in Sources */ = {isa = PBXBuildFile; fileRef = 3CE0604E2702BB3400863698 /* ContentView.swift */; };
		3CE060512702BB3500863698 /* Assets.xcassets in Resources */ = {isa = PBXBuildFile; fileRef = 3CE060502702BB3500863698 /* Assets.xcassets */; };
		3CE060542702BB3500863698 /* Preview Assets.xcassets in Resources */ = {isa = PBXBuildFile; fileRef = 3CE060532702BB3500863698 /* Preview Assets.xcassets */; };
		3CE0605E2702BB3500863698 /* _6_ContinuationsTests.swift in Sources */ = {isa = PBXBuildFile; fileRef = 3CE0605D2702BB3500863698 /* _6_ContinuationsTests.swift */; };
		3CE060682702BB3500863698 /* _6_ContinuationsUITests.swift in Sources */ = {isa = PBXBuildFile; fileRef = 3CE060672702BB3500863698 /* _6_ContinuationsUITests.swift */; };
		3CE0606A2702BB3500863698 /* _6_ContinuationsUITestsLaunchTests.swift in Sources */ = {isa = PBXBuildFile; fileRef = 3CE060692702BB3500863698 /* _6_ContinuationsUITestsLaunchTests.swift */; };
/* End PBXBuildFile section */

/* Begin PBXContainerItemProxy section */
		3CE0605A2702BB3500863698 /* PBXContainerItemProxy */ = {
			isa = PBXContainerItemProxy;
			containerPortal = 3CE060412702BB3400863698 /* Project object */;
			proxyType = 1;
			remoteGlobalIDString = 3CE060482702BB3400863698;
			remoteInfo = "06 Continuations";
		};
		3CE060642702BB3500863698 /* PBXContainerItemProxy */ = {
			isa = PBXContainerItemProxy;
			containerPortal = 3CE060412702BB3400863698 /* Project object */;
			proxyType = 1;
			remoteGlobalIDString = 3CE060482702BB3400863698;
			remoteInfo = "06 Continuations";
		};
/* End PBXContainerItemProxy section */

/* Begin PBXFileReference section */
		3CE060492702BB3400863698 /* 06 Continuations.app */ = {isa = PBXFileReference; explicitFileType = wrapper.application; includeInIndex = 0; path = "06 Continuations.app"; sourceTree = BUILT_PRODUCTS_DIR; };
		3CE0604C2702BB3400863698 /* _6_ContinuationsApp.swift */ = {isa = PBXFileReference; lastKnownFileType = sourcecode.swift; path = _6_ContinuationsApp.swift; sourceTree = "<group>"; };
		3CE0604E2702BB3400863698 /* ContentView.swift */ = {isa = PBXFileReference; lastKnownFileType = sourcecode.swift; path = ContentView.swift; sourceTree = "<group>"; };
		3CE060502702BB3500863698 /* Assets.xcassets */ = {isa = PBXFileReference; lastKnownFileType = folder.assetcatalog; path = Assets.xcassets; sourceTree = "<group>"; };
		3CE060532702BB3500863698 /* Preview Assets.xcassets */ = {isa = PBXFileReference; lastKnownFileType = folder.assetcatalog; path = "Preview Assets.xcassets"; sourceTree = "<group>"; };
		3CE060592702BB3500863698 /* 06 ContinuationsTests.xctest */ = {isa = PBXFileReference; explicitFileType = wrapper.cfbundle; includeInIndex = 0; path = "06 ContinuationsTests.xctest"; sourceTree = BUILT_PRODUCTS_DIR; };
		3CE0605D2702BB3500863698 /* _6_ContinuationsTests.swift */ = {isa = PBXFileReference; lastKnownFileType = sourcecode.swift; path = _6_ContinuationsTests.swift; sourceTree = "<group>"; };
		3CE060632702BB3500863698 /* 06 ContinuationsUITests.xctest */ = {isa = PBXFileReference; explicitFileType = wrapper.cfbundle; includeInIndex = 0; path = "06 ContinuationsUITests.xctest"; sourceTree = BUILT_PRODUCTS_DIR; };
		3CE060672702BB3500863698 /* _6_ContinuationsUITests.swift */ = {isa = PBXFileReference; lastKnownFileType = sourcecode.swift; path = _6_ContinuationsUITests.swift; sourceTree = "<group>"; };
		3CE060692702BB3500863698 /* _6_ContinuationsUITestsLaunchTests.swift */ = {isa = PBXFileReference; lastKnownFileType = sourcecode.swift; path = _6_ContinuationsUITestsLaunchTests.swift; sourceTree = "<group>"; };
/* End PBXFileReference section */

/* Begin PBXFrameworksBuildPhase section */
		3CE060462702BB3400863698 /* Frameworks */ = {
			isa = PBXFrameworksBuildPhase;
			buildActionMask = 2147483647;
			files = (
			);
			runOnlyForDeploymentPostprocessing = 0;
		};
		3CE060562702BB3500863698 /* Frameworks */ = {
			isa = PBXFrameworksBuildPhase;
			buildActionMask = 2147483647;
			files = (
			);
			runOnlyForDeploymentPostprocessing = 0;
		};
		3CE060602702BB3500863698 /* Frameworks */ = {
			isa = PBXFrameworksBuildPhase;
			buildActionMask = 2147483647;
			files = (
			);
			runOnlyForDeploymentPostprocessing = 0;
		};
/* End PBXFrameworksBuildPhase section */

/* Begin PBXGroup section */
		3CE060402702BB3400863698 = {
			isa = PBXGroup;
			children = (
				3CE0604B2702BB3400863698 /* 06 Continuations */,
				3CE0605C2702BB3500863698 /* 06 ContinuationsTests */,
				3CE060662702BB3500863698 /* 06 ContinuationsUITests */,
				3CE0604A2702BB3400863698 /* Products */,
			);
			sourceTree = "<group>";
		};
		3CE0604A2702BB3400863698 /* Products */ = {
			isa = PBXGroup;
			children = (
				3CE060492702BB3400863698 /* 06 Continuations.app */,
				3CE060592702BB3500863698 /* 06 ContinuationsTests.xctest */,
				3CE060632702BB3500863698 /* 06 ContinuationsUITests.xctest */,
			);
			name = Products;
			sourceTree = "<group>";
		};
		3CE0604B2702BB3400863698 /* 06 Continuations */ = {
			isa = PBXGroup;
			children = (
				3CE0604C2702BB3400863698 /* _6_ContinuationsApp.swift */,
				3CE0604E2702BB3400863698 /* ContentView.swift */,
				3CE060502702BB3500863698 /* Assets.xcassets */,
				3CE060522702BB3500863698 /* Preview Content */,
			);
			path = "06 Continuations";
			sourceTree = "<group>";
		};
		3CE060522702BB3500863698 /* Preview Content */ = {
			isa = PBXGroup;
			children = (
				3CE060532702BB3500863698 /* Preview Assets.xcassets */,
			);
			path = "Preview Content";
			sourceTree = "<group>";
		};
		3CE0605C2702BB3500863698 /* 06 ContinuationsTests */ = {
			isa = PBXGroup;
			children = (
				3CE0605D2702BB3500863698 /* _6_ContinuationsTests.swift */,
			);
			path = "06 ContinuationsTests";
			sourceTree = "<group>";
		};
		3CE060662702BB3500863698 /* 06 ContinuationsUITests */ = {
			isa = PBXGroup;
			children = (
				3CE060672702BB3500863698 /* _6_ContinuationsUITests.swift */,
				3CE060692702BB3500863698 /* _6_ContinuationsUITestsLaunchTests.swift */,
			);
			path = "06 ContinuationsUITests";
			sourceTree = "<group>";
		};
/* End PBXGroup section */

/* Begin PBXNativeTarget section */
		3CE060482702BB3400863698 /* 06 Continuations */ = {
			isa = PBXNativeTarget;
			buildConfigurationList = 3CE0606D2702BB3500863698 /* Build configuration list for PBXNativeTarget "06 Continuations" */;
			buildPhases = (
				3CE060452702BB3400863698 /* Sources */,
				3CE060462702BB3400863698 /* Frameworks */,
				3CE060472702BB3400863698 /* Resources */,
			);
			buildRules = (
			);
			dependencies = (
			);
			name = "06 Continuations";
			productName = "06 Continuations";
			productReference = 3CE060492702BB3400863698 /* 06 Continuations.app */;
			productType = "com.apple.product-type.application";
		};
		3CE060582702BB3500863698 /* 06 ContinuationsTests */ = {
			isa = PBXNativeTarget;
			buildConfigurationList = 3CE060702702BB3500863698 /* Build configuration list for PBXNativeTarget "06 ContinuationsTests" */;
			buildPhases = (
				3CE060552702BB3500863698 /* Sources */,
				3CE060562702BB3500863698 /* Frameworks */,
				3CE060572702BB3500863698 /* Resources */,
			);
			buildRules = (
			);
			dependencies = (
				3CE0605B2702BB3500863698 /* PBXTargetDependency */,
			);
			name = "06 ContinuationsTests";
			productName = "06 ContinuationsTests";
			productReference = 3CE060592702BB3500863698 /* 06 ContinuationsTests.xctest */;
			productType = "com.apple.product-type.bundle.unit-test";
		};
		3CE060622702BB3500863698 /* 06 ContinuationsUITests */ = {
			isa = PBXNativeTarget;
			buildConfigurationList = 3CE060732702BB3500863698 /* Build configuration list for PBXNativeTarget "06 ContinuationsUITests" */;
			buildPhases = (
				3CE0605F2702BB3500863698 /* Sources */,
				3CE060602702BB3500863698 /* Frameworks */,
				3CE060612702BB3500863698 /* Resources */,
			);
			buildRules = (
			);
			dependencies = (
				3CE060652702BB3500863698 /* PBXTargetDependency */,
			);
			name = "06 ContinuationsUITests";
			productName = "06 ContinuationsUITests";
			productReference = 3CE060632702BB3500863698 /* 06 ContinuationsUITests.xctest */;
			productType = "com.apple.product-type.bundle.ui-testing";
		};
/* End PBXNativeTarget section */

/* Begin PBXProject section */
		3CE060412702BB3400863698 /* Project object */ = {
			isa = PBXProject;
			attributes = {
				BuildIndependentTargetsInParallel = 1;
				LastSwiftUpdateCheck = 1300;
				LastUpgradeCheck = 1300;
				TargetAttributes = {
					3CE060482702BB3400863698 = {
						CreatedOnToolsVersion = 13.0;
					};
					3CE060582702BB3500863698 = {
						CreatedOnToolsVersion = 13.0;
						TestTargetID = 3CE060482702BB3400863698;
					};
					3CE060622702BB3500863698 = {
						CreatedOnToolsVersion = 13.0;
						TestTargetID = 3CE060482702BB3400863698;
					};
				};
			};
			buildConfigurationList = 3CE060442702BB3400863698 /* Build configuration list for PBXProject "06 Continuations" */;
			compatibilityVersion = "Xcode 13.0";
			developmentRegion = en;
			hasScannedForEncodings = 0;
			knownRegions = (
				en,
				Base,
			);
			mainGroup = 3CE060402702BB3400863698;
			productRefGroup = 3CE0604A2702BB3400863698 /* Products */;
			projectDirPath = "";
			projectRoot = "";
			targets = (
				3CE060482702BB3400863698 /* 06 Continuations */,
				3CE060582702BB3500863698 /* 06 ContinuationsTests */,
				3CE060622702BB3500863698 /* 06 ContinuationsUITests */,
			);
		};
/* End PBXProject section */

/* Begin PBXResourcesBuildPhase section */
		3CE060472702BB3400863698 /* Resources */ = {
			isa = PBXResourcesBuildPhase;
			buildActionMask = 2147483647;
			files = (
				3CE060542702BB3500863698 /* Preview Assets.xcassets in Resources */,
				3CE060512702BB3500863698 /* Assets.xcassets in Resources */,
			);
			runOnlyForDeploymentPostprocessing = 0;
		};
		3CE060572702BB3500863698 /* Resources */ = {
			isa = PBXResourcesBuildPhase;
			buildActionMask = 2147483647;
			files = (
			);
			runOnlyForDeploymentPostprocessing = 0;
		};
		3CE060612702BB3500863698 /* Resources */ = {
			isa = PBXResourcesBuildPhase;
			buildActionMask = 2147483647;
			files = (
			);
			runOnlyForDeploymentPostprocessing = 0;
		};
/* End PBXResourcesBuildPhase section */

/* Begin PBXSourcesBuildPhase section */
		3CE060452702BB3400863698 /* Sources */ = {
			isa = PBXSourcesBuildPhase;
			buildActionMask = 2147483647;
			files = (
				3CE0604F2702BB3400863698 /* ContentView.swift in Sources */,
				3CE0604D2702BB3400863698 /* _6_ContinuationsApp.swift in Sources */,
			);
			runOnlyForDeploymentPostprocessing = 0;
		};
		3CE060552702BB3500863698 /* Sources */ = {
			isa = PBXSourcesBuildPhase;
			buildActionMask = 2147483647;
			files = (
				3CE0605E2702BB3500863698 /* _6_ContinuationsTests.swift in Sources */,
			);
			runOnlyForDeploymentPostprocessing = 0;
		};
		3CE0605F2702BB3500863698 /* Sources */ = {
			isa = PBXSourcesBuildPhase;
			buildActionMask = 2147483647;
			files = (
				3CE0606A2702BB3500863698 /* _6_ContinuationsUITestsLaunchTests.swift in Sources */,
				3CE060682702BB3500863698 /* _6_ContinuationsUITests.swift in Sources */,
			);
			runOnlyForDeploymentPostprocessing = 0;
		};
/* End PBXSourcesBuildPhase section */

/* Begin PBXTargetDependency section */
		3CE0605B2702BB3500863698 /* PBXTargetDependency */ = {
			isa = PBXTargetDependency;
			target = 3CE060482702BB3400863698 /* 06 Continuations */;
			targetProxy = 3CE0605A2702BB3500863698 /* PBXContainerItemProxy */;
		};
		3CE060652702BB3500863698 /* PBXTargetDependency */ = {
			isa = PBXTargetDependency;
			target = 3CE060482702BB3400863698 /* 06 Continuations */;
			targetProxy = 3CE060642702BB3500863698 /* PBXContainerItemProxy */;
		};
/* End PBXTargetDependency section */

/* Begin XCBuildConfiguration section */
		3CE0606B2702BB3500863698 /* Debug */ = {
			isa = XCBuildConfiguration;
			buildSettings = {
				ALWAYS_SEARCH_USER_PATHS = NO;
				CLANG_ANALYZER_NONNULL = YES;
				CLANG_ANALYZER_NUMBER_OBJECT_CONVERSION = YES_AGGRESSIVE;
				CLANG_CXX_LANGUAGE_STANDARD = "gnu++17";
				CLANG_CXX_LIBRARY = "libc++";
				CLANG_ENABLE_MODULES = YES;
				CLANG_ENABLE_OBJC_ARC = YES;
				CLANG_ENABLE_OBJC_WEAK = YES;
				CLANG_WARN_BLOCK_CAPTURE_AUTORELEASING = YES;
				CLANG_WARN_BOOL_CONVERSION = YES;
				CLANG_WARN_COMMA = YES;
				CLANG_WARN_CONSTANT_CONVERSION = YES;
				CLANG_WARN_DEPRECATED_OBJC_IMPLEMENTATIONS = YES;
				CLANG_WARN_DIRECT_OBJC_ISA_USAGE = YES_ERROR;
				CLANG_WARN_DOCUMENTATION_COMMENTS = YES;
				CLANG_WARN_EMPTY_BODY = YES;
				CLANG_WARN_ENUM_CONVERSION = YES;
				CLANG_WARN_INFINITE_RECURSION = YES;
				CLANG_WARN_INT_CONVERSION = YES;
				CLANG_WARN_NON_LITERAL_NULL_CONVERSION = YES;
				CLANG_WARN_OBJC_IMPLICIT_RETAIN_SELF = YES;
				CLANG_WARN_OBJC_LITERAL_CONVERSION = YES;
				CLANG_WARN_OBJC_ROOT_CLASS = YES_ERROR;
				CLANG_WARN_QUOTED_INCLUDE_IN_FRAMEWORK_HEADER = YES;
				CLANG_WARN_RANGE_LOOP_ANALYSIS = YES;
				CLANG_WARN_STRICT_PROTOTYPES = YES;
				CLANG_WARN_SUSPICIOUS_MOVE = YES;
				CLANG_WARN_UNGUARDED_AVAILABILITY = YES_AGGRESSIVE;
				CLANG_WARN_UNREACHABLE_CODE = YES;
				CLANG_WARN__DUPLICATE_METHOD_MATCH = YES;
				COPY_PHASE_STRIP = NO;
				DEBUG_INFORMATION_FORMAT = dwarf;
				ENABLE_STRICT_OBJC_MSGSEND = YES;
				ENABLE_TESTABILITY = YES;
				GCC_C_LANGUAGE_STANDARD = gnu11;
				GCC_DYNAMIC_NO_PIC = NO;
				GCC_NO_COMMON_BLOCKS = YES;
				GCC_OPTIMIZATION_LEVEL = 0;
				GCC_PREPROCESSOR_DEFINITIONS = (
					"DEBUG=1",
					"$(inherited)",
				);
				GCC_WARN_64_TO_32_BIT_CONVERSION = YES;
				GCC_WARN_ABOUT_RETURN_TYPE = YES_ERROR;
				GCC_WARN_UNDECLARED_SELECTOR = YES;
				GCC_WARN_UNINITIALIZED_AUTOS = YES_AGGRESSIVE;
				GCC_WARN_UNUSED_FUNCTION = YES;
				GCC_WARN_UNUSED_VARIABLE = YES;
				IPHONEOS_DEPLOYMENT_TARGET = 15.0;
				MTL_ENABLE_DEBUG_INFO = INCLUDE_SOURCE;
				MTL_FAST_MATH = YES;
				ONLY_ACTIVE_ARCH = YES;
				SDKROOT = iphoneos;
				SWIFT_ACTIVE_COMPILATION_CONDITIONS = DEBUG;
				SWIFT_OPTIMIZATION_LEVEL = "-Onone";
			};
			name = Debug;
		};
		3CE0606C2702BB3500863698 /* Release */ = {
			isa = XCBuildConfiguration;
			buildSettings = {
				ALWAYS_SEARCH_USER_PATHS = NO;
				CLANG_ANALYZER_NONNULL = YES;
				CLANG_ANALYZER_NUMBER_OBJECT_CONVERSION = YES_AGGRESSIVE;
				CLANG_CXX_LANGUAGE_STANDARD = "gnu++17";
				CLANG_CXX_LIBRARY = "libc++";
				CLANG_ENABLE_MODULES = YES;
				CLANG_ENABLE_OBJC_ARC = YES;
				CLANG_ENABLE_OBJC_WEAK = YES;
				CLANG_WARN_BLOCK_CAPTURE_AUTORELEASING = YES;
				CLANG_WARN_BOOL_CONVERSION = YES;
				CLANG_WARN_COMMA = YES;
				CLANG_WARN_CONSTANT_CONVERSION = YES;
				CLANG_WARN_DEPRECATED_OBJC_IMPLEMENTATIONS = YES;
				CLANG_WARN_DIRECT_OBJC_ISA_USAGE = YES_ERROR;
				CLANG_WARN_DOCUMENTATION_COMMENTS = YES;
				CLANG_WARN_EMPTY_BODY = YES;
				CLANG_WARN_ENUM_CONVERSION = YES;
				CLANG_WARN_INFINITE_RECURSION = YES;
				CLANG_WARN_INT_CONVERSION = YES;
				CLANG_WARN_NON_LITERAL_NULL_CONVERSION = YES;
				CLANG_WARN_OBJC_IMPLICIT_RETAIN_SELF = YES;
				CLANG_WARN_OBJC_LITERAL_CONVERSION = YES;
				CLANG_WARN_OBJC_ROOT_CLASS = YES_ERROR;
				CLANG_WARN_QUOTED_INCLUDE_IN_FRAMEWORK_HEADER = YES;
				CLANG_WARN_RANGE_LOOP_ANALYSIS = YES;
				CLANG_WARN_STRICT_PROTOTYPES = YES;
				CLANG_WARN_SUSPICIOUS_MOVE = YES;
				CLANG_WARN_UNGUARDED_AVAILABILITY = YES_AGGRESSIVE;
				CLANG_WARN_UNREACHABLE_CODE = YES;
				CLANG_WARN__DUPLICATE_METHOD_MATCH = YES;
				COPY_PHASE_STRIP = NO;
				DEBUG_INFORMATION_FORMAT = "dwarf-with-dsym";
				ENABLE_NS_ASSERTIONS = NO;
				ENABLE_STRICT_OBJC_MSGSEND = YES;
				GCC_C_LANGUAGE_STANDARD = gnu11;
				GCC_NO_COMMON_BLOCKS = YES;
				GCC_WARN_64_TO_32_BIT_CONVERSION = YES;
				GCC_WARN_ABOUT_RETURN_TYPE = YES_ERROR;
				GCC_WARN_UNDECLARED_SELECTOR = YES;
				GCC_WARN_UNINITIALIZED_AUTOS = YES_AGGRESSIVE;
				GCC_WARN_UNUSED_FUNCTION = YES;
				GCC_WARN_UNUSED_VARIABLE = YES;
				IPHONEOS_DEPLOYMENT_TARGET = 15.0;
				MTL_ENABLE_DEBUG_INFO = NO;
				MTL_FAST_MATH = YES;
				SDKROOT = iphoneos;
				SWIFT_COMPILATION_MODE = wholemodule;
				SWIFT_OPTIMIZATION_LEVEL = "-O";
				VALIDATE_PRODUCT = YES;
			};
			name = Release;
		};
		3CE0606E2702BB3500863698 /* Debug */ = {
			isa = XCBuildConfiguration;
			buildSettings = {
				ASSETCATALOG_COMPILER_APPICON_NAME = AppIcon;
				ASSETCATALOG_COMPILER_GLOBAL_ACCENT_COLOR_NAME = AccentColor;
				CODE_SIGN_STYLE = Automatic;
				CURRENT_PROJECT_VERSION = 1;
				DEVELOPMENT_ASSET_PATHS = "\"06 Continuations/Preview Content\"";
				DEVELOPMENT_TEAM = QF8H8R2NAV;
				ENABLE_PREVIEWS = YES;
				GENERATE_INFOPLIST_FILE = YES;
				INFOPLIST_KEY_UIApplicationSceneManifest_Generation = YES;
				INFOPLIST_KEY_UIApplicationSupportsIndirectInputEvents = YES;
				INFOPLIST_KEY_UILaunchScreen_Generation = YES;
				INFOPLIST_KEY_UISupportedInterfaceOrientations_iPad = "UIInterfaceOrientationPortrait UIInterfaceOrientationPortraitUpsideDown UIInterfaceOrientationLandscapeLeft UIInterfaceOrientationLandscapeRight";
				INFOPLIST_KEY_UISupportedInterfaceOrientations_iPhone = "UIInterfaceOrientationPortrait UIInterfaceOrientationLandscapeLeft UIInterfaceOrientationLandscapeRight";
				IPHONEOS_DEPLOYMENT_TARGET = 15.0;
				LD_RUNPATH_SEARCH_PATHS = (
					"$(inherited)",
					"@executable_path/Frameworks",
				);
				MARKETING_VERSION = 1.0;
				PRODUCT_BUNDLE_IDENTIFIER = "com.developer.yf.-6-Continuations";
				PRODUCT_NAME = "$(TARGET_NAME)";
				SWIFT_EMIT_LOC_STRINGS = YES;
				SWIFT_VERSION = 5.0;
				TARGETED_DEVICE_FAMILY = "1,2";
			};
			name = Debug;
		};
		3CE0606F2702BB3500863698 /* Release */ = {
			isa = XCBuildConfiguration;
			buildSettings = {
				ASSETCATALOG_COMPILER_APPICON_NAME = AppIcon;
				ASSETCATALOG_COMPILER_GLOBAL_ACCENT_COLOR_NAME = AccentColor;
				CODE_SIGN_STYLE = Automatic;
				CURRENT_PROJECT_VERSION = 1;
				DEVELOPMENT_ASSET_PATHS = "\"06 Continuations/Preview Content\"";
				DEVELOPMENT_TEAM = QF8H8R2NAV;
				ENABLE_PREVIEWS = YES;
				GENERATE_INFOPLIST_FILE = YES;
				INFOPLIST_KEY_UIApplicationSceneManifest_Generation = YES;
				INFOPLIST_KEY_UIApplicationSupportsIndirectInputEvents = YES;
				INFOPLIST_KEY_UILaunchScreen_Generation = YES;
				INFOPLIST_KEY_UISupportedInterfaceOrientations_iPad = "UIInterfaceOrientationPortrait UIInterfaceOrientationPortraitUpsideDown UIInterfaceOrientationLandscapeLeft UIInterfaceOrientationLandscapeRight";
				INFOPLIST_KEY_UISupportedInterfaceOrientations_iPhone = "UIInterfaceOrientationPortrait UIInterfaceOrientationLandscapeLeft UIInterfaceOrientationLandscapeRight";
				IPHONEOS_DEPLOYMENT_TARGET = 15.0;
				LD_RUNPATH_SEARCH_PATHS = (
					"$(inherited)",
					"@executable_path/Frameworks",
				);
				MARKETING_VERSION = 1.0;
				PRODUCT_BUNDLE_IDENTIFIER = "com.developer.yf.-6-Continuations";
				PRODUCT_NAME = "$(TARGET_NAME)";
				SWIFT_EMIT_LOC_STRINGS = YES;
				SWIFT_VERSION = 5.0;
				TARGETED_DEVICE_FAMILY = "1,2";
			};
			name = Release;
		};
		3CE060712702BB3500863698 /* Debug */ = {
			isa = XCBuildConfiguration;
			buildSettings = {
				ALWAYS_EMBED_SWIFT_STANDARD_LIBRARIES = YES;
				BUNDLE_LOADER = "$(TEST_HOST)";
				CODE_SIGN_STYLE = Automatic;
				CURRENT_PROJECT_VERSION = 1;
				DEVELOPMENT_TEAM = QF8H8R2NAV;
				GENERATE_INFOPLIST_FILE = YES;
				IPHONEOS_DEPLOYMENT_TARGET = 14.0;
				LD_RUNPATH_SEARCH_PATHS = (
					"$(inherited)",
					"@executable_path/Frameworks",
					"@loader_path/Frameworks",
				);
				MARKETING_VERSION = 1.0;
				PRODUCT_BUNDLE_IDENTIFIER = "com.developer.yf.-6-ContinuationsTests";
				PRODUCT_NAME = "$(TARGET_NAME)";
				SWIFT_EMIT_LOC_STRINGS = NO;
				SWIFT_VERSION = 5.0;
				TARGETED_DEVICE_FAMILY = "1,2";
				TEST_HOST = "$(BUILT_PRODUCTS_DIR)/06 Continuations.app/06 Continuations";
			};
			name = Debug;
		};
		3CE060722702BB3500863698 /* Release */ = {
			isa = XCBuildConfiguration;
			buildSettings = {
				ALWAYS_EMBED_SWIFT_STANDARD_LIBRARIES = YES;
				BUNDLE_LOADER = "$(TEST_HOST)";
				CODE_SIGN_STYLE = Automatic;
				CURRENT_PROJECT_VERSION = 1;
				DEVELOPMENT_TEAM = QF8H8R2NAV;
				GENERATE_INFOPLIST_FILE = YES;
				IPHONEOS_DEPLOYMENT_TARGET = 14.0;
				LD_RUNPATH_SEARCH_PATHS = (
					"$(inherited)",
					"@executable_path/Frameworks",
					"@loader_path/Frameworks",
				);
				MARKETING_VERSION = 1.0;
				PRODUCT_BUNDLE_IDENTIFIER = "com.developer.yf.-6-ContinuationsTests";
				PRODUCT_NAME = "$(TARGET_NAME)";
				SWIFT_EMIT_LOC_STRINGS = NO;
				SWIFT_VERSION = 5.0;
				TARGETED_DEVICE_FAMILY = "1,2";
				TEST_HOST = "$(BUILT_PRODUCTS_DIR)/06 Continuations.app/06 Continuations";
			};
			name = Release;
		};
		3CE060742702BB3500863698 /* Debug */ = {
			isa = XCBuildConfiguration;
			buildSettings = {
				ALWAYS_EMBED_SWIFT_STANDARD_LIBRARIES = YES;
				CODE_SIGN_STYLE = Automatic;
				CURRENT_PROJECT_VERSION = 1;
				DEVELOPMENT_TEAM = QF8H8R2NAV;
				GENERATE_INFOPLIST_FILE = YES;
				LD_RUNPATH_SEARCH_PATHS = (
					"$(inherited)",
					"@executable_path/Frameworks",
					"@loader_path/Frameworks",
				);
				MARKETING_VERSION = 1.0;
				PRODUCT_BUNDLE_IDENTIFIER = "com.developer.yf.-6-ContinuationsUITests";
				PRODUCT_NAME = "$(TARGET_NAME)";
				SWIFT_EMIT_LOC_STRINGS = NO;
				SWIFT_VERSION = 5.0;
				TARGETED_DEVICE_FAMILY = "1,2";
				TEST_TARGET_NAME = "06 Continuations";
			};
			name = Debug;
		};
		3CE060752702BB3500863698 /* Release */ = {
			isa = XCBuildConfiguration;
			buildSettings = {
				ALWAYS_EMBED_SWIFT_STANDARD_LIBRARIES = YES;
				CODE_SIGN_STYLE = Automatic;
				CURRENT_PROJECT_VERSION = 1;
				DEVELOPMENT_TEAM = QF8H8R2NAV;
				GENERATE_INFOPLIST_FILE = YES;
				LD_RUNPATH_SEARCH_PATHS = (
					"$(inherited)",
					"@executable_path/Frameworks",
					"@loader_path/Frameworks",
				);
				MARKETING_VERSION = 1.0;
				PRODUCT_BUNDLE_IDENTIFIER = "com.developer.yf.-6-ContinuationsUITests";
				PRODUCT_NAME = "$(TARGET_NAME)";
				SWIFT_EMIT_LOC_STRINGS = NO;
				SWIFT_VERSION = 5.0;
				TARGETED_DEVICE_FAMILY = "1,2";
				TEST_TARGET_NAME = "06 Continuations";
			};
			name = Release;
		};
/* End XCBuildConfiguration section */

/* Begin XCConfigurationList section */
		3CE060442702BB3400863698 /* Build configuration list for PBXProject "06 Continuations" */ = {
			isa = XCConfigurationList;
			buildConfigurations = (
				3CE0606B2702BB3500863698 /* Debug */,
				3CE0606C2702BB3500863698 /* Release */,
			);
			defaultConfigurationIsVisible = 0;
			defaultConfigurationName = Release;
		};
		3CE0606D2702BB3500863698 /* Build configuration list for PBXNativeTarget "06 Continuations" */ = {
			isa = XCConfigurationList;
			buildConfigurations = (
				3CE0606E2702BB3500863698 /* Debug */,
				3CE0606F2702BB3500863698 /* Release */,
			);
			defaultConfigurationIsVisible = 0;
			defaultConfigurationName = Release;
		};
		3CE060702702BB3500863698 /* Build configuration list for PBXNativeTarget "06 ContinuationsTests" */ = {
			isa = XCConfigurationList;
			buildConfigurations = (
				3CE060712702BB3500863698 /* Debug */,
				3CE060722702BB3500863698 /* Release */,
			);
			defaultConfigurationIsVisible = 0;
			defaultConfigurationName = Release;
		};
		3CE060732702BB3500863698 /* Build configuration list for PBXNativeTarget "06 ContinuationsUITests" */ = {
			isa = XCConfigurationList;
			buildConfigurations = (
				3CE060742702BB3500863698 /* Debug */,
				3CE060752702BB3500863698 /* Release */,
			);
			defaultConfigurationIsVisible = 0;
			defaultConfigurationName = Release;
		};
/* End XCConfigurationList section */
	};
	rootObject = 3CE060412702BB3400863698 /* Project object */;
}
