// !$*UTF8*$!
{
	archiveVersion = 1;
	classes = {
	};
	objectVersion = 55;
	objects = {

/* Begin PBXBuildFile section */
		3CE060832702C35300863698 /* _7_AsyncSequenceApp.swift in Sources */ = {isa = PBXBuildFile; fileRef = 3CE060822702C35300863698 /* _7_AsyncSequenceApp.swift */; };
		3CE060852702C35300863698 /* ContentView.swift in Sources */ = {isa = PBXBuildFile; fileRef = 3CE060842702C35300863698 /* ContentView.swift */; };
		3CE060872702C35400863698 /* Assets.xcassets in Resources */ = {isa = PBXBuildFile; fileRef = 3CE060862702C35400863698 /* Assets.xcassets */; };
		3CE0608A2702C35400863698 /* Preview Assets.xcassets in Resources */ = {isa = PBXBuildFile; fileRef = 3CE060892702C35400863698 /* Preview Assets.xcassets */; };
		3CE060942702C35400863698 /* _7_AsyncSequenceTests.swift in Sources */ = {isa = PBXBuildFile; fileRef = 3CE060932702C35400863698 /* _7_AsyncSequenceTests.swift */; };
		3CE0609E2702C35400863698 /* _7_AsyncSequenceUITests.swift in Sources */ = {isa = PBXBuildFile; fileRef = 3CE0609D2702C35400863698 /* _7_AsyncSequenceUITests.swift */; };
		3CE060A02702C35400863698 /* _7_AsyncSequenceUITestsLaunchTests.swift in Sources */ = {isa = PBXBuildFile; fileRef = 3CE0609F2702C35400863698 /* _7_AsyncSequenceUITestsLaunchTests.swift */; };
/* End PBXBuildFile section */

/* Begin PBXContainerItemProxy section */
		3CE060902702C35400863698 /* PBXContainerItemProxy */ = {
			isa = PBXContainerItemProxy;
			containerPortal = 3CE060772702C35300863698 /* Project object */;
			proxyType = 1;
			remoteGlobalIDString = 3CE0607E2702C35300863698;
			remoteInfo = "07 AsyncSequence";
		};
		3CE0609A2702C35400863698 /* PBXContainerItemProxy */ = {
			isa = PBXContainerItemProxy;
			containerPortal = 3CE060772702C35300863698 /* Project object */;
			proxyType = 1;
			remoteGlobalIDString = 3CE0607E2702C35300863698;
			remoteInfo = "07 AsyncSequence";
		};
/* End PBXContainerItemProxy section */

/* Begin PBXFileReference section */
		3CE0607F2702C35300863698 /* 07 AsyncSequence.app */ = {isa = PBXFileReference; explicitFileType = wrapper.application; includeInIndex = 0; path = "07 AsyncSequence.app"; sourceTree = BUILT_PRODUCTS_DIR; };
		3CE060822702C35300863698 /* _7_AsyncSequenceApp.swift */ = {isa = PBXFileReference; lastKnownFileType = sourcecode.swift; path = _7_AsyncSequenceApp.swift; sourceTree = "<group>"; };
		3CE060842702C35300863698 /* ContentView.swift */ = {isa = PBXFileReference; lastKnownFileType = sourcecode.swift; path = ContentView.swift; sourceTree = "<group>"; };
		3CE060862702C35400863698 /* Assets.xcassets */ = {isa = PBXFileReference; lastKnownFileType = folder.assetcatalog; path = Assets.xcassets; sourceTree = "<group>"; };
		3CE060892702C35400863698 /* Preview Assets.xcassets */ = {isa = PBXFileReference; lastKnownFileType = folder.assetcatalog; path = "Preview Assets.xcassets"; sourceTree = "<group>"; };
		3CE0608F2702C35400863698 /* 07 AsyncSequenceTests.xctest */ = {isa = PBXFileReference; explicitFileType = wrapper.cfbundle; includeInIndex = 0; path = "07 AsyncSequenceTests.xctest"; sourceTree = BUILT_PRODUCTS_DIR; };
		3CE060932702C35400863698 /* _7_AsyncSequenceTests.swift */ = {isa = PBXFileReference; lastKnownFileType = sourcecode.swift; path = _7_AsyncSequenceTests.swift; sourceTree = "<group>"; };
		3CE060992702C35400863698 /* 07 AsyncSequenceUITests.xctest */ = {isa = PBXFileReference; explicitFileType = wrapper.cfbundle; includeInIndex = 0; path = "07 AsyncSequenceUITests.xctest"; sourceTree = BUILT_PRODUCTS_DIR; };
		3CE0609D2702C35400863698 /* _7_AsyncSequenceUITests.swift */ = {isa = PBXFileReference; lastKnownFileType = sourcecode.swift; path = _7_AsyncSequenceUITests.swift; sourceTree = "<group>"; };
		3CE0609F2702C35400863698 /* _7_AsyncSequenceUITestsLaunchTests.swift */ = {isa = PBXFileReference; lastKnownFileType = sourcecode.swift; path = _7_AsyncSequenceUITestsLaunchTests.swift; sourceTree = "<group>"; };
/* End PBXFileReference section */

/* Begin PBXFrameworksBuildPhase section */
		3CE0607C2702C35300863698 /* Frameworks */ = {
			isa = PBXFrameworksBuildPhase;
			buildActionMask = 2147483647;
			files = (
			);
			runOnlyForDeploymentPostprocessing = 0;
		};
		3CE0608C2702C35400863698 /* Frameworks */ = {
			isa = PBXFrameworksBuildPhase;
			buildActionMask = 2147483647;
			files = (
			);
			runOnlyForDeploymentPostprocessing = 0;
		};
		3CE060962702C35400863698 /* Frameworks */ = {
			isa = PBXFrameworksBuildPhase;
			buildActionMask = 2147483647;
			files = (
			);
			runOnlyForDeploymentPostprocessing = 0;
		};
/* End PBXFrameworksBuildPhase section */

/* Begin PBXGroup section */
		3CE060762702C35300863698 = {
			isa = PBXGroup;
			children = (
				3CE060812702C35300863698 /* 07 AsyncSequence */,
				3CE060922702C35400863698 /* 07 AsyncSequenceTests */,
				3CE0609C2702C35400863698 /* 07 AsyncSequenceUITests */,
				3CE060802702C35300863698 /* Products */,
			);
			sourceTree = "<group>";
		};
		3CE060802702C35300863698 /* Products */ = {
			isa = PBXGroup;
			children = (
				3CE0607F2702C35300863698 /* 07 AsyncSequence.app */,
				3CE0608F2702C35400863698 /* 07 AsyncSequenceTests.xctest */,
				3CE060992702C35400863698 /* 07 AsyncSequenceUITests.xctest */,
			);
			name = Products;
			sourceTree = "<group>";
		};
		3CE060812702C35300863698 /* 07 AsyncSequence */ = {
			isa = PBXGroup;
			children = (
				3CE060822702C35300863698 /* _7_AsyncSequenceApp.swift */,
				3CE060842702C35300863698 /* ContentView.swift */,
				3CE060862702C35400863698 /* Assets.xcassets */,
				3CE060882702C35400863698 /* Preview Content */,
			);
			path = "07 AsyncSequence";
			sourceTree = "<group>";
		};
		3CE060882702C35400863698 /* Preview Content */ = {
			isa = PBXGroup;
			children = (
				3CE060892702C35400863698 /* Preview Assets.xcassets */,
			);
			path = "Preview Content";
			sourceTree = "<group>";
		};
		3CE060922702C35400863698 /* 07 AsyncSequenceTests */ = {
			isa = PBXGroup;
			children = (
				3CE060932702C35400863698 /* _7_AsyncSequenceTests.swift */,
			);
			path = "07 AsyncSequenceTests";
			sourceTree = "<group>";
		};
		3CE0609C2702C35400863698 /* 07 AsyncSequenceUITests */ = {
			isa = PBXGroup;
			children = (
				3CE0609D2702C35400863698 /* _7_AsyncSequenceUITests.swift */,
				3CE0609F2702C35400863698 /* _7_AsyncSequenceUITestsLaunchTests.swift */,
			);
			path = "07 AsyncSequenceUITests";
			sourceTree = "<group>";
		};
/* End PBXGroup section */

/* Begin PBXNativeTarget section */
		3CE0607E2702C35300863698 /* 07 AsyncSequence */ = {
			isa = PBXNativeTarget;
			buildConfigurationList = 3CE060A32702C35400863698 /* Build configuration list for PBXNativeTarget "07 AsyncSequence" */;
			buildPhases = (
				3CE0607B2702C35300863698 /* Sources */,
				3CE0607C2702C35300863698 /* Frameworks */,
				3CE0607D2702C35300863698 /* Resources */,
			);
			buildRules = (
			);
			dependencies = (
			);
			name = "07 AsyncSequence";
			productName = "07 AsyncSequence";
			productReference = 3CE0607F2702C35300863698 /* 07 AsyncSequence.app */;
			productType = "com.apple.product-type.application";
		};
		3CE0608E2702C35400863698 /* 07 AsyncSequenceTests */ = {
			isa = PBXNativeTarget;
			buildConfigurationList = 3CE060A62702C35400863698 /* Build configuration list for PBXNativeTarget "07 AsyncSequenceTests" */;
			buildPhases = (
				3CE0608B2702C35400863698 /* Sources */,
				3CE0608C2702C35400863698 /* Frameworks */,
				3CE0608D2702C35400863698 /* Resources */,
			);
			buildRules = (
			);
			dependencies = (
				3CE060912702C35400863698 /* PBXTargetDependency */,
			);
			name = "07 AsyncSequenceTests";
			productName = "07 AsyncSequenceTests";
			productReference = 3CE0608F2702C35400863698 /* 07 AsyncSequenceTests.xctest */;
			productType = "com.apple.product-type.bundle.unit-test";
		};
		3CE060982702C35400863698 /* 07 AsyncSequenceUITests */ = {
			isa = PBXNativeTarget;
			buildConfigurationList = 3CE060A92702C35400863698 /* Build configuration list for PBXNativeTarget "07 AsyncSequenceUITests" */;
			buildPhases = (
				3CE060952702C35400863698 /* Sources */,
				3CE060962702C35400863698 /* Frameworks */,
				3CE060972702C35400863698 /* Resources */,
			);
			buildRules = (
			);
			dependencies = (
				3CE0609B2702C35400863698 /* PBXTargetDependency */,
			);
			name = "07 AsyncSequenceUITests";
			productName = "07 AsyncSequenceUITests";
			productReference = 3CE060992702C35400863698 /* 07 AsyncSequenceUITests.xctest */;
			productType = "com.apple.product-type.bundle.ui-testing";
		};
/* End PBXNativeTarget section */

/* Begin PBXProject section */
		3CE060772702C35300863698 /* Project object */ = {
			isa = PBXProject;
			attributes = {
				BuildIndependentTargetsInParallel = 1;
				LastSwiftUpdateCheck = 1300;
				LastUpgradeCheck = 1300;
				TargetAttributes = {
					3CE0607E2702C35300863698 = {
						CreatedOnToolsVersion = 13.0;
					};
					3CE0608E2702C35400863698 = {
						CreatedOnToolsVersion = 13.0;
						TestTargetID = 3CE0607E2702C35300863698;
					};
					3CE060982702C35400863698 = {
						CreatedOnToolsVersion = 13.0;
						TestTargetID = 3CE0607E2702C35300863698;
					};
				};
			};
			buildConfigurationList = 3CE0607A2702C35300863698 /* Build configuration list for PBXProject "07 AsyncSequence" */;
			compatibilityVersion = "Xcode 13.0";
			developmentRegion = en;
			hasScannedForEncodings = 0;
			knownRegions = (
				en,
				Base,
			);
			mainGroup = 3CE060762702C35300863698;
			productRefGroup = 3CE060802702C35300863698 /* Products */;
			projectDirPath = "";
			projectRoot = "";
			targets = (
				3CE0607E2702C35300863698 /* 07 AsyncSequence */,
				3CE0608E2702C35400863698 /* 07 AsyncSequenceTests */,
				3CE060982702C35400863698 /* 07 AsyncSequenceUITests */,
			);
		};
/* End PBXProject section */

/* Begin PBXResourcesBuildPhase section */
		3CE0607D2702C35300863698 /* Resources */ = {
			isa = PBXResourcesBuildPhase;
			buildActionMask = 2147483647;
			files = (
				3CE0608A2702C35400863698 /* Preview Assets.xcassets in Resources */,
				3CE060872702C35400863698 /* Assets.xcassets in Resources */,
			);
			runOnlyForDeploymentPostprocessing = 0;
		};
		3CE0608D2702C35400863698 /* Resources */ = {
			isa = PBXResourcesBuildPhase;
			buildActionMask = 2147483647;
			files = (
			);
			runOnlyForDeploymentPostprocessing = 0;
		};
		3CE060972702C35400863698 /* Resources */ = {
			isa = PBXResourcesBuildPhase;
			buildActionMask = 2147483647;
			files = (
			);
			runOnlyForDeploymentPostprocessing = 0;
		};
/* End PBXResourcesBuildPhase section */

/* Begin PBXSourcesBuildPhase section */
		3CE0607B2702C35300863698 /* Sources */ = {
			isa = PBXSourcesBuildPhase;
			buildActionMask = 2147483647;
			files = (
				3CE060852702C35300863698 /* ContentView.swift in Sources */,
				3CE060832702C35300863698 /* _7_AsyncSequenceApp.swift in Sources */,
			);
			runOnlyForDeploymentPostprocessing = 0;
		};
		3CE0608B2702C35400863698 /* Sources */ = {
			isa = PBXSourcesBuildPhase;
			buildActionMask = 2147483647;
			files = (
				3CE060942702C35400863698 /* _7_AsyncSequenceTests.swift in Sources */,
			);
			runOnlyForDeploymentPostprocessing = 0;
		};
		3CE060952702C35400863698 /* Sources */ = {
			isa = PBXSourcesBuildPhase;
			buildActionMask = 2147483647;
			files = (
				3CE060A02702C35400863698 /* _7_AsyncSequenceUITestsLaunchTests.swift in Sources */,
				3CE0609E2702C35400863698 /* _7_AsyncSequenceUITests.swift in Sources */,
			);
			runOnlyForDeploymentPostprocessing = 0;
		};
/* End PBXSourcesBuildPhase section */

/* Begin PBXTargetDependency section */
		3CE060912702C35400863698 /* PBXTargetDependency */ = {
			isa = PBXTargetDependency;
			target = 3CE0607E2702C35300863698 /* 07 AsyncSequence */;
			targetProxy = 3CE060902702C35400863698 /* PBXContainerItemProxy */;
		};
		3CE0609B2702C35400863698 /* PBXTargetDependency */ = {
			isa = PBXTargetDependency;
			target = 3CE0607E2702C35300863698 /* 07 AsyncSequence */;
			targetProxy = 3CE0609A2702C35400863698 /* PBXContainerItemProxy */;
		};
/* End PBXTargetDependency section */

/* Begin XCBuildConfiguration section */
		3CE060A12702C35400863698 /* Debug */ = {
			isa = XCBuildConfiguration;
			buildSettings = {
				ALWAYS_SEARCH_USER_PATHS = NO;
				CLANG_ANALYZER_NONNULL = YES;
				CLANG_ANALYZER_NUMBER_OBJECT_CONVERSION = YES_AGGRESSIVE;
				CLANG_CXX_LANGUAGE_STANDARD = "gnu++17";
				CLANG_CXX_LIBRARY = "libc++";
				CLANG_ENABLE_MODULES = YES;
				CLANG_ENABLE_OBJC_ARC = YES;
				CLANG_ENABLE_OBJC_WEAK = YES;
				CLANG_WARN_BLOCK_CAPTURE_AUTORELEASING = YES;
				CLANG_WARN_BOOL_CONVERSION = YES;
				CLANG_WARN_COMMA = YES;
				CLANG_WARN_CONSTANT_CONVERSION = YES;
				CLANG_WARN_DEPRECATED_OBJC_IMPLEMENTATIONS = YES;
				CLANG_WARN_DIRECT_OBJC_ISA_USAGE = YES_ERROR;
				CLANG_WARN_DOCUMENTATION_COMMENTS = YES;
				CLANG_WARN_EMPTY_BODY = YES;
				CLANG_WARN_ENUM_CONVERSION = YES;
				CLANG_WARN_INFINITE_RECURSION = YES;
				CLANG_WARN_INT_CONVERSION = YES;
				CLANG_WARN_NON_LITERAL_NULL_CONVERSION = YES;
				CLANG_WARN_OBJC_IMPLICIT_RETAIN_SELF = YES;
				CLANG_WARN_OBJC_LITERAL_CONVERSION = YES;
				CLANG_WARN_OBJC_ROOT_CLASS = YES_ERROR;
				CLANG_WARN_QUOTED_INCLUDE_IN_FRAMEWORK_HEADER = YES;
				CLANG_WARN_RANGE_LOOP_ANALYSIS = YES;
				CLANG_WARN_STRICT_PROTOTYPES = YES;
				CLANG_WARN_SUSPICIOUS_MOVE = YES;
				CLANG_WARN_UNGUARDED_AVAILABILITY = YES_AGGRESSIVE;
				CLANG_WARN_UNREACHABLE_CODE = YES;
				CLANG_WARN__DUPLICATE_METHOD_MATCH = YES;
				COPY_PHASE_STRIP = NO;
				DEBUG_INFORMATION_FORMAT = dwarf;
				ENABLE_STRICT_OBJC_MSGSEND = YES;
				ENABLE_TESTABILITY = YES;
				GCC_C_LANGUAGE_STANDARD = gnu11;
				GCC_DYNAMIC_NO_PIC = NO;
				GCC_NO_COMMON_BLOCKS = YES;
				GCC_OPTIMIZATION_LEVEL = 0;
				GCC_PREPROCESSOR_DEFINITIONS = (
					"DEBUG=1",
					"$(inherited)",
				);
				GCC_WARN_64_TO_32_BIT_CONVERSION = YES;
				GCC_WARN_ABOUT_RETURN_TYPE = YES_ERROR;
				GCC_WARN_UNDECLARED_SELECTOR = YES;
				GCC_WARN_UNINITIALIZED_AUTOS = YES_AGGRESSIVE;
				GCC_WARN_UNUSED_FUNCTION = YES;
				GCC_WARN_UNUSED_VARIABLE = YES;
				IPHONEOS_DEPLOYMENT_TARGET = 15.0;
				MTL_ENABLE_DEBUG_INFO = INCLUDE_SOURCE;
				MTL_FAST_MATH = YES;
				ONLY_ACTIVE_ARCH = YES;
				SDKROOT = iphoneos;
				SWIFT_ACTIVE_COMPILATION_CONDITIONS = DEBUG;
				SWIFT_OPTIMIZATION_LEVEL = "-Onone";
			};
			name = Debug;
		};
		3CE060A22702C35400863698 /* Release */ = {
			isa = XCBuildConfiguration;
			buildSettings = {
				ALWAYS_SEARCH_USER_PATHS = NO;
				CLANG_ANALYZER_NONNULL = YES;
				CLANG_ANALYZER_NUMBER_OBJECT_CONVERSION = YES_AGGRESSIVE;
				CLANG_CXX_LANGUAGE_STANDARD = "gnu++17";
				CLANG_CXX_LIBRARY = "libc++";
				CLANG_ENABLE_MODULES = YES;
				CLANG_ENABLE_OBJC_ARC = YES;
				CLANG_ENABLE_OBJC_WEAK = YES;
				CLANG_WARN_BLOCK_CAPTURE_AUTORELEASING = YES;
				CLANG_WARN_BOOL_CONVERSION = YES;
				CLANG_WARN_COMMA = YES;
				CLANG_WARN_CONSTANT_CONVERSION = YES;
				CLANG_WARN_DEPRECATED_OBJC_IMPLEMENTATIONS = YES;
				CLANG_WARN_DIRECT_OBJC_ISA_USAGE = YES_ERROR;
				CLANG_WARN_DOCUMENTATION_COMMENTS = YES;
				CLANG_WARN_EMPTY_BODY = YES;
				CLANG_WARN_ENUM_CONVERSION = YES;
				CLANG_WARN_INFINITE_RECURSION = YES;
				CLANG_WARN_INT_CONVERSION = YES;
				CLANG_WARN_NON_LITERAL_NULL_CONVERSION = YES;
				CLANG_WARN_OBJC_IMPLICIT_RETAIN_SELF = YES;
				CLANG_WARN_OBJC_LITERAL_CONVERSION = YES;
				CLANG_WARN_OBJC_ROOT_CLASS = YES_ERROR;
				CLANG_WARN_QUOTED_INCLUDE_IN_FRAMEWORK_HEADER = YES;
				CLANG_WARN_RANGE_LOOP_ANALYSIS = YES;
				CLANG_WARN_STRICT_PROTOTYPES = YES;
				CLANG_WARN_SUSPICIOUS_MOVE = YES;
				CLANG_WARN_UNGUARDED_AVAILABILITY = YES_AGGRESSIVE;
				CLANG_WARN_UNREACHABLE_CODE = YES;
				CLANG_WARN__DUPLICATE_METHOD_MATCH = YES;
				COPY_PHASE_STRIP = NO;
				DEBUG_INFORMATION_FORMAT = "dwarf-with-dsym";
				ENABLE_NS_ASSERTIONS = NO;
				ENABLE_STRICT_OBJC_MSGSEND = YES;
				GCC_C_LANGUAGE_STANDARD = gnu11;
				GCC_NO_COMMON_BLOCKS = YES;
				GCC_WARN_64_TO_32_BIT_CONVERSION = YES;
				GCC_WARN_ABOUT_RETURN_TYPE = YES_ERROR;
				GCC_WARN_UNDECLARED_SELECTOR = YES;
				GCC_WARN_UNINITIALIZED_AUTOS = YES_AGGRESSIVE;
				GCC_WARN_UNUSED_FUNCTION = YES;
				GCC_WARN_UNUSED_VARIABLE = YES;
				IPHONEOS_DEPLOYMENT_TARGET = 15.0;
				MTL_ENABLE_DEBUG_INFO = NO;
				MTL_FAST_MATH = YES;
				SDKROOT = iphoneos;
				SWIFT_COMPILATION_MODE = wholemodule;
				SWIFT_OPTIMIZATION_LEVEL = "-O";
				VALIDATE_PRODUCT = YES;
			};
			name = Release;
		};
		3CE060A42702C35400863698 /* Debug */ = {
			isa = XCBuildConfiguration;
			buildSettings = {
				ASSETCATALOG_COMPILER_APPICON_NAME = AppIcon;
				ASSETCATALOG_COMPILER_GLOBAL_ACCENT_COLOR_NAME = AccentColor;
				CODE_SIGN_STYLE = Automatic;
				CURRENT_PROJECT_VERSION = 1;
				DEVELOPMENT_ASSET_PATHS = "\"07 AsyncSequence/Preview Content\"";
				DEVELOPMENT_TEAM = QF8H8R2NAV;
				ENABLE_PREVIEWS = YES;
				GENERATE_INFOPLIST_FILE = YES;
				INFOPLIST_KEY_UIApplicationSceneManifest_Generation = YES;
				INFOPLIST_KEY_UIApplicationSupportsIndirectInputEvents = YES;
				INFOPLIST_KEY_UILaunchScreen_Generation = YES;
				INFOPLIST_KEY_UISupportedInterfaceOrientations_iPad = "UIInterfaceOrientationPortrait UIInterfaceOrientationPortraitUpsideDown UIInterfaceOrientationLandscapeLeft UIInterfaceOrientationLandscapeRight";
				INFOPLIST_KEY_UISupportedInterfaceOrientations_iPhone = "UIInterfaceOrientationPortrait UIInterfaceOrientationLandscapeLeft UIInterfaceOrientationLandscapeRight";
				IPHONEOS_DEPLOYMENT_TARGET = 15.0;
				LD_RUNPATH_SEARCH_PATHS = (
					"$(inherited)",
					"@executable_path/Frameworks",
				);
				MARKETING_VERSION = 1.0;
				PRODUCT_BUNDLE_IDENTIFIER = "com.developer.yf.-7-AsyncSequence";
				PRODUCT_NAME = "$(TARGET_NAME)";
				SWIFT_EMIT_LOC_STRINGS = YES;
				SWIFT_VERSION = 5.0;
				TARGETED_DEVICE_FAMILY = "1,2";
			};
			name = Debug;
		};
		3CE060A52702C35400863698 /* Release */ = {
			isa = XCBuildConfiguration;
			buildSettings = {
				ASSETCATALOG_COMPILER_APPICON_NAME = AppIcon;
				ASSETCATALOG_COMPILER_GLOBAL_ACCENT_COLOR_NAME = AccentColor;
				CODE_SIGN_STYLE = Automatic;
				CURRENT_PROJECT_VERSION = 1;
				DEVELOPMENT_ASSET_PATHS = "\"07 AsyncSequence/Preview Content\"";
				DEVELOPMENT_TEAM = QF8H8R2NAV;
				ENABLE_PREVIEWS = YES;
				GENERATE_INFOPLIST_FILE = YES;
				INFOPLIST_KEY_UIApplicationSceneManifest_Generation = YES;
				INFOPLIST_KEY_UIApplicationSupportsIndirectInputEvents = YES;
				INFOPLIST_KEY_UILaunchScreen_Generation = YES;
				INFOPLIST_KEY_UISupportedInterfaceOrientations_iPad = "UIInterfaceOrientationPortrait UIInterfaceOrientationPortraitUpsideDown UIInterfaceOrientationLandscapeLeft UIInterfaceOrientationLandscapeRight";
				INFOPLIST_KEY_UISupportedInterfaceOrientations_iPhone = "UIInterfaceOrientationPortrait UIInterfaceOrientationLandscapeLeft UIInterfaceOrientationLandscapeRight";
				IPHONEOS_DEPLOYMENT_TARGET = 15.0;
				LD_RUNPATH_SEARCH_PATHS = (
					"$(inherited)",
					"@executable_path/Frameworks",
				);
				MARKETING_VERSION = 1.0;
				PRODUCT_BUNDLE_IDENTIFIER = "com.developer.yf.-7-AsyncSequence";
				PRODUCT_NAME = "$(TARGET_NAME)";
				SWIFT_EMIT_LOC_STRINGS = YES;
				SWIFT_VERSION = 5.0;
				TARGETED_DEVICE_FAMILY = "1,2";
			};
			name = Release;
		};
		3CE060A72702C35400863698 /* Debug */ = {
			isa = XCBuildConfiguration;
			buildSettings = {
				ALWAYS_EMBED_SWIFT_STANDARD_LIBRARIES = YES;
				BUNDLE_LOADER = "$(TEST_HOST)";
				CODE_SIGN_STYLE = Automatic;
				CURRENT_PROJECT_VERSION = 1;
				DEVELOPMENT_TEAM = QF8H8R2NAV;
				GENERATE_INFOPLIST_FILE = YES;
				IPHONEOS_DEPLOYMENT_TARGET = 14.0;
				LD_RUNPATH_SEARCH_PATHS = (
					"$(inherited)",
					"@executable_path/Frameworks",
					"@loader_path/Frameworks",
				);
				MARKETING_VERSION = 1.0;
				PRODUCT_BUNDLE_IDENTIFIER = "com.developer.yf.-7-AsyncSequenceTests";
				PRODUCT_NAME = "$(TARGET_NAME)";
				SWIFT_EMIT_LOC_STRINGS = NO;
				SWIFT_VERSION = 5.0;
				TARGETED_DEVICE_FAMILY = "1,2";
				TEST_HOST = "$(BUILT_PRODUCTS_DIR)/07 AsyncSequence.app/07 AsyncSequence";
			};
			name = Debug;
		};
		3CE060A82702C35400863698 /* Release */ = {
			isa = XCBuildConfiguration;
			buildSettings = {
				ALWAYS_EMBED_SWIFT_STANDARD_LIBRARIES = YES;
				BUNDLE_LOADER = "$(TEST_HOST)";
				CODE_SIGN_STYLE = Automatic;
				CURRENT_PROJECT_VERSION = 1;
				DEVELOPMENT_TEAM = QF8H8R2NAV;
				GENERATE_INFOPLIST_FILE = YES;
				IPHONEOS_DEPLOYMENT_TARGET = 14.0;
				LD_RUNPATH_SEARCH_PATHS = (
					"$(inherited)",
					"@executable_path/Frameworks",
					"@loader_path/Frameworks",
				);
				MARKETING_VERSION = 1.0;
				PRODUCT_BUNDLE_IDENTIFIER = "com.developer.yf.-7-AsyncSequenceTests";
				PRODUCT_NAME = "$(TARGET_NAME)";
				SWIFT_EMIT_LOC_STRINGS = NO;
				SWIFT_VERSION = 5.0;
				TARGETED_DEVICE_FAMILY = "1,2";
				TEST_HOST = "$(BUILT_PRODUCTS_DIR)/07 AsyncSequence.app/07 AsyncSequence";
			};
			name = Release;
		};
		3CE060AA2702C35400863698 /* Debug */ = {
			isa = XCBuildConfiguration;
			buildSettings = {
				ALWAYS_EMBED_SWIFT_STANDARD_LIBRARIES = YES;
				CODE_SIGN_STYLE = Automatic;
				CURRENT_PROJECT_VERSION = 1;
				DEVELOPMENT_TEAM = QF8H8R2NAV;
				GENERATE_INFOPLIST_FILE = YES;
				LD_RUNPATH_SEARCH_PATHS = (
					"$(inherited)",
					"@executable_path/Frameworks",
					"@loader_path/Frameworks",
				);
				MARKETING_VERSION = 1.0;
				PRODUCT_BUNDLE_IDENTIFIER = "com.developer.yf.-7-AsyncSequenceUITests";
				PRODUCT_NAME = "$(TARGET_NAME)";
				SWIFT_EMIT_LOC_STRINGS = NO;
				SWIFT_VERSION = 5.0;
				TARGETED_DEVICE_FAMILY = "1,2";
				TEST_TARGET_NAME = "07 AsyncSequence";
			};
			name = Debug;
		};
		3CE060AB2702C35400863698 /* Release */ = {
			isa = XCBuildConfiguration;
			buildSettings = {
				ALWAYS_EMBED_SWIFT_STANDARD_LIBRARIES = YES;
				CODE_SIGN_STYLE = Automatic;
				CURRENT_PROJECT_VERSION = 1;
				DEVELOPMENT_TEAM = QF8H8R2NAV;
				GENERATE_INFOPLIST_FILE = YES;
				LD_RUNPATH_SEARCH_PATHS = (
					"$(inherited)",
					"@executable_path/Frameworks",
					"@loader_path/Frameworks",
				);
				MARKETING_VERSION = 1.0;
				PRODUCT_BUNDLE_IDENTIFIER = "com.developer.yf.-7-AsyncSequenceUITests";
				PRODUCT_NAME = "$(TARGET_NAME)";
				SWIFT_EMIT_LOC_STRINGS = NO;
				SWIFT_VERSION = 5.0;
				TARGETED_DEVICE_FAMILY = "1,2";
				TEST_TARGET_NAME = "07 AsyncSequence";
			};
			name = Release;
		};
/* End XCBuildConfiguration section */

/* Begin XCConfigurationList section */
		3CE0607A2702C35300863698 /* Build configuration list for PBXProject "07 AsyncSequence" */ = {
			isa = XCConfigurationList;
			buildConfigurations = (
				3CE060A12702C35400863698 /* Debug */,
				3CE060A22702C35400863698 /* Release */,
			);
			defaultConfigurationIsVisible = 0;
			defaultConfigurationName = Release;
		};
		3CE060A32702C35400863698 /* Build configuration list for PBXNativeTarget "07 AsyncSequence" */ = {
			isa = XCConfigurationList;
			buildConfigurations = (
				3CE060A42702C35400863698 /* Debug */,
				3CE060A52702C35400863698 /* Release */,
			);
			defaultConfigurationIsVisible = 0;
			defaultConfigurationName = Release;
		};
		3CE060A62702C35400863698 /* Build configuration list for PBXNativeTarget "07 AsyncSequenceTests" */ = {
			isa = XCConfigurationList;
			buildConfigurations = (
				3CE060A72702C35400863698 /* Debug */,
				3CE060A82702C35400863698 /* Release */,
			);
			defaultConfigurationIsVisible = 0;
			defaultConfigurationName = Release;
		};
		3CE060A92702C35400863698 /* Build configuration list for PBXNativeTarget "07 AsyncSequenceUITests" */ = {
			isa = XCConfigurationList;
			buildConfigurations = (
				3CE060AA2702C35400863698 /* Debug */,
				3CE060AB2702C35400863698 /* Release */,
			);
			defaultConfigurationIsVisible = 0;
			defaultConfigurationName = Release;
		};
/* End XCConfigurationList section */
	};
	rootObject = 3CE060772702C35300863698 /* Project object */;
}
